// !$*UTF8*$!
{
	archiveVersion = 1;
	classes = {
	};
	objectVersion = 46;
	objects = {

/* Begin PBXBuildFile section */
		0070DD2F2B27D6EC37662F9E /* Pods_MU.framework in Frameworks */ = {isa = PBXBuildFile; fileRef = 348039BEAE9654123B5E48F7 /* Pods_MU.framework */; };
		010A31971E5013E7004CB07C /* FirebaseKeyVender.swift in Sources */ = {isa = PBXBuildFile; fileRef = 010A31961E5013E7004CB07C /* FirebaseKeyVender.swift */; };
		0114DE851E42D20800E2AB2A /* AppDelegate.swift in Sources */ = {isa = PBXBuildFile; fileRef = 0114DE841E42D20800E2AB2A /* AppDelegate.swift */; };
		0114DE871E42D20800E2AB2A /* ProfileViewController.swift in Sources */ = {isa = PBXBuildFile; fileRef = 0114DE861E42D20800E2AB2A /* ProfileViewController.swift */; };
		0114DE8A1E42D20800E2AB2A /* Main.storyboard in Resources */ = {isa = PBXBuildFile; fileRef = 0114DE881E42D20800E2AB2A /* Main.storyboard */; };
		0114DE8C1E42D20800E2AB2A /* Assets.xcassets in Resources */ = {isa = PBXBuildFile; fileRef = 0114DE8B1E42D20800E2AB2A /* Assets.xcassets */; };
		0114DE8F1E42D20800E2AB2A /* LaunchScreen.storyboard in Resources */ = {isa = PBXBuildFile; fileRef = 0114DE8D1E42D20800E2AB2A /* LaunchScreen.storyboard */; };
		0114DE9A1E42D20800E2AB2A /* MUTests.swift in Sources */ = {isa = PBXBuildFile; fileRef = 0114DE991E42D20800E2AB2A /* MUTests.swift */; };
		0114DEA51E42D20800E2AB2A /* MUUITests.swift in Sources */ = {isa = PBXBuildFile; fileRef = 0114DEA41E42D20800E2AB2A /* MUUITests.swift */; };
		0114DEB31E42D79800E2AB2A /* GoogleService-Info.plist in Resources */ = {isa = PBXBuildFile; fileRef = 0114DEB21E42D79800E2AB2A /* GoogleService-Info.plist */; };
		0114DEB41E42D79800E2AB2A /* GoogleService-Info.plist in Resources */ = {isa = PBXBuildFile; fileRef = 0114DEB21E42D79800E2AB2A /* GoogleService-Info.plist */; };
		0114DEB51E42D79800E2AB2A /* GoogleService-Info.plist in Resources */ = {isa = PBXBuildFile; fileRef = 0114DEB21E42D79800E2AB2A /* GoogleService-Info.plist */; };
		014E6DE31E5A2C7D0027A633 /* TicketsTableViewController.swift in Sources */ = {isa = PBXBuildFile; fileRef = 014E6DE21E5A2C7D0027A633 /* TicketsTableViewController.swift */; };
		014E6DE51E5A36170027A633 /* DateHelpers.swift in Sources */ = {isa = PBXBuildFile; fileRef = 014E6DE41E5A36170027A633 /* DateHelpers.swift */; };
		014E6DE71E5A4E1A0027A633 /* TicketTableViewCell.swift in Sources */ = {isa = PBXBuildFile; fileRef = 014E6DE61E5A4E1A0027A633 /* TicketTableViewCell.swift */; };
		014E6DE91E5A62980027A633 /* FoodTableViewController.swift in Sources */ = {isa = PBXBuildFile; fileRef = 014E6DE81E5A62980027A633 /* FoodTableViewController.swift */; };
		014E6DEB1E5A62B90027A633 /* BookTableViewController.swift in Sources */ = {isa = PBXBuildFile; fileRef = 014E6DEA1E5A62B90027A633 /* BookTableViewController.swift */; };
		014E6DED1E5A62D20027A633 /* MiscTableViewController.swift in Sources */ = {isa = PBXBuildFile; fileRef = 014E6DEC1E5A62D20027A633 /* MiscTableViewController.swift */; };
		0175A8381E452B55008A7780 /* Tickets.storyboard in Resources */ = {isa = PBXBuildFile; fileRef = 0175A8361E452B55008A7780 /* Tickets.storyboard */; };
		0175A83A1E452B6B008A7780 /* Books.storyboard in Resources */ = {isa = PBXBuildFile; fileRef = 0175A8391E452B6B008A7780 /* Books.storyboard */; };
		0175A83D1E452B7D008A7780 /* Food.storyboard in Resources */ = {isa = PBXBuildFile; fileRef = 0175A83B1E452B7D008A7780 /* Food.storyboard */; };
		0175A83F1E452B94008A7780 /* Profile.storyboard in Resources */ = {isa = PBXBuildFile; fileRef = 0175A83E1E452B94008A7780 /* Profile.storyboard */; };
		0175A8421E452BA6008A7780 /* Misc.storyboard in Resources */ = {isa = PBXBuildFile; fileRef = 0175A8401E452BA6008A7780 /* Misc.storyboard */; };
		0175A8441E45A153008A7780 /* Book.swift in Sources */ = {isa = PBXBuildFile; fileRef = 0175A8431E45A153008A7780 /* Book.swift */; };
		0175A8471E45A16A008A7780 /* Ticket.swift in Sources */ = {isa = PBXBuildFile; fileRef = 0175A8461E45A16A008A7780 /* Ticket.swift */; };
		0175A8491E45A173008A7780 /* Food.swift in Sources */ = {isa = PBXBuildFile; fileRef = 0175A8481E45A173008A7780 /* Food.swift */; };
		0175A84B1E45A181008A7780 /* Misc.swift in Sources */ = {isa = PBXBuildFile; fileRef = 0175A84A1E45A181008A7780 /* Misc.swift */; };
		0175A84D1E45A1E5008A7780 /* Item.swift in Sources */ = {isa = PBXBuildFile; fileRef = 0175A84C1E45A1E5008A7780 /* Item.swift */; };
		0175A84F1E463C77008A7780 /* ItemRepository.swift in Sources */ = {isa = PBXBuildFile; fileRef = 0175A84E1E463C77008A7780 /* ItemRepository.swift */; };
		0175A8511E46CA9A008A7780 /* ItemGateway.swift in Sources */ = {isa = PBXBuildFile; fileRef = 0175A8501E46CA9A008A7780 /* ItemGateway.swift */; };
		01C1283E1E46CE9900A8DB87 /* ItemFactory.swift in Sources */ = {isa = PBXBuildFile; fileRef = 01C1283D1E46CE9900A8DB87 /* ItemFactory.swift */; };
		01F3CCE41E42EF6B005DE947 /* Auth.storyboard in Resources */ = {isa = PBXBuildFile; fileRef = 01F3CCE31E42EF6B005DE947 /* Auth.storyboard */; };
		01F3CCE61E42EFDF005DE947 /* AuthViewController.swift in Sources */ = {isa = PBXBuildFile; fileRef = 01F3CCE51E42EFDF005DE947 /* AuthViewController.swift */; };
		21BD3B80F4C22F719DDF7FAE /* Pods_MUTests.framework in Frameworks */ = {isa = PBXBuildFile; fileRef = F614F1E99E90361FA6175C47 /* Pods_MUTests.framework */; };
		4F5C9CDDAACEC461768E6981 /* Pods_MUUITests.framework in Frameworks */ = {isa = PBXBuildFile; fileRef = 3FC34EC82F61C2BA2B0FA64D /* Pods_MUUITests.framework */; };
/* End PBXBuildFile section */

/* Begin PBXContainerItemProxy section */
		0114DE961E42D20800E2AB2A /* PBXContainerItemProxy */ = {
			isa = PBXContainerItemProxy;
			containerPortal = 0114DE791E42D20700E2AB2A /* Project object */;
			proxyType = 1;
			remoteGlobalIDString = 0114DE801E42D20700E2AB2A;
			remoteInfo = MU;
		};
		0114DEA11E42D20800E2AB2A /* PBXContainerItemProxy */ = {
			isa = PBXContainerItemProxy;
			containerPortal = 0114DE791E42D20700E2AB2A /* Project object */;
			proxyType = 1;
			remoteGlobalIDString = 0114DE801E42D20700E2AB2A;
			remoteInfo = MU;
		};
/* End PBXContainerItemProxy section */

/* Begin PBXFileReference section */
		010A31961E5013E7004CB07C /* FirebaseKeyVender.swift */ = {isa = PBXFileReference; fileEncoding = 4; lastKnownFileType = sourcecode.swift; path = FirebaseKeyVender.swift; sourceTree = "<group>"; };
		0114DE811E42D20800E2AB2A /* MU.app */ = {isa = PBXFileReference; explicitFileType = wrapper.application; includeInIndex = 0; path = MU.app; sourceTree = BUILT_PRODUCTS_DIR; };
		0114DE841E42D20800E2AB2A /* AppDelegate.swift */ = {isa = PBXFileReference; lastKnownFileType = sourcecode.swift; path = AppDelegate.swift; sourceTree = "<group>"; };
		0114DE861E42D20800E2AB2A /* ProfileViewController.swift */ = {isa = PBXFileReference; lastKnownFileType = sourcecode.swift; path = ProfileViewController.swift; sourceTree = "<group>"; };
		0114DE891E42D20800E2AB2A /* Base */ = {isa = PBXFileReference; lastKnownFileType = file.storyboard; name = Base; path = Base.lproj/Main.storyboard; sourceTree = "<group>"; };
		0114DE8B1E42D20800E2AB2A /* Assets.xcassets */ = {isa = PBXFileReference; lastKnownFileType = folder.assetcatalog; path = Assets.xcassets; sourceTree = "<group>"; };
		0114DE8E1E42D20800E2AB2A /* Base */ = {isa = PBXFileReference; lastKnownFileType = file.storyboard; name = Base; path = Base.lproj/LaunchScreen.storyboard; sourceTree = "<group>"; };
		0114DE901E42D20800E2AB2A /* Info.plist */ = {isa = PBXFileReference; lastKnownFileType = text.plist.xml; path = Info.plist; sourceTree = "<group>"; };
		0114DE951E42D20800E2AB2A /* MUTests.xctest */ = {isa = PBXFileReference; explicitFileType = wrapper.cfbundle; includeInIndex = 0; path = MUTests.xctest; sourceTree = BUILT_PRODUCTS_DIR; };
		0114DE991E42D20800E2AB2A /* MUTests.swift */ = {isa = PBXFileReference; lastKnownFileType = sourcecode.swift; path = MUTests.swift; sourceTree = "<group>"; };
		0114DE9B1E42D20800E2AB2A /* Info.plist */ = {isa = PBXFileReference; lastKnownFileType = text.plist.xml; path = Info.plist; sourceTree = "<group>"; };
		0114DEA01E42D20800E2AB2A /* MUUITests.xctest */ = {isa = PBXFileReference; explicitFileType = wrapper.cfbundle; includeInIndex = 0; path = MUUITests.xctest; sourceTree = BUILT_PRODUCTS_DIR; };
		0114DEA41E42D20800E2AB2A /* MUUITests.swift */ = {isa = PBXFileReference; lastKnownFileType = sourcecode.swift; path = MUUITests.swift; sourceTree = "<group>"; };
		0114DEA61E42D20800E2AB2A /* Info.plist */ = {isa = PBXFileReference; lastKnownFileType = text.plist.xml; path = Info.plist; sourceTree = "<group>"; };
		0114DEB21E42D79800E2AB2A /* GoogleService-Info.plist */ = {isa = PBXFileReference; fileEncoding = 4; lastKnownFileType = text.plist.xml; path = "GoogleService-Info.plist"; sourceTree = "<group>"; };
		014E6DE21E5A2C7D0027A633 /* TicketsTableViewController.swift */ = {isa = PBXFileReference; fileEncoding = 4; lastKnownFileType = sourcecode.swift; path = TicketsTableViewController.swift; sourceTree = "<group>"; };
		014E6DE41E5A36170027A633 /* DateHelpers.swift */ = {isa = PBXFileReference; fileEncoding = 4; lastKnownFileType = sourcecode.swift; path = DateHelpers.swift; sourceTree = "<group>"; };
		014E6DE61E5A4E1A0027A633 /* TicketTableViewCell.swift */ = {isa = PBXFileReference; fileEncoding = 4; lastKnownFileType = sourcecode.swift; path = TicketTableViewCell.swift; sourceTree = "<group>"; };
		014E6DE81E5A62980027A633 /* FoodTableViewController.swift */ = {isa = PBXFileReference; fileEncoding = 4; lastKnownFileType = sourcecode.swift; path = FoodTableViewController.swift; sourceTree = "<group>"; };
		014E6DEA1E5A62B90027A633 /* BookTableViewController.swift */ = {isa = PBXFileReference; fileEncoding = 4; lastKnownFileType = sourcecode.swift; path = BookTableViewController.swift; sourceTree = "<group>"; };
		014E6DEC1E5A62D20027A633 /* MiscTableViewController.swift */ = {isa = PBXFileReference; fileEncoding = 4; lastKnownFileType = sourcecode.swift; path = MiscTableViewController.swift; sourceTree = "<group>"; };
		0175A8371E452B55008A7780 /* Base */ = {isa = PBXFileReference; lastKnownFileType = file.storyboard; name = Base; path = Base.lproj/Tickets.storyboard; sourceTree = "<group>"; };
		0175A8391E452B6B008A7780 /* Books.storyboard */ = {isa = PBXFileReference; fileEncoding = 4; lastKnownFileType = file.storyboard; path = Books.storyboard; sourceTree = "<group>"; };
		0175A83C1E452B7D008A7780 /* Base */ = {isa = PBXFileReference; lastKnownFileType = file.storyboard; name = Base; path = Base.lproj/Food.storyboard; sourceTree = "<group>"; };
		0175A83E1E452B94008A7780 /* Profile.storyboard */ = {isa = PBXFileReference; fileEncoding = 4; lastKnownFileType = file.storyboard; path = Profile.storyboard; sourceTree = "<group>"; };
		0175A8411E452BA6008A7780 /* Base */ = {isa = PBXFileReference; lastKnownFileType = file.storyboard; name = Base; path = Base.lproj/Misc.storyboard; sourceTree = "<group>"; };
		0175A8431E45A153008A7780 /* Book.swift */ = {isa = PBXFileReference; fileEncoding = 4; lastKnownFileType = sourcecode.swift; path = Book.swift; sourceTree = "<group>"; };
		0175A8461E45A16A008A7780 /* Ticket.swift */ = {isa = PBXFileReference; fileEncoding = 4; lastKnownFileType = sourcecode.swift; path = Ticket.swift; sourceTree = "<group>"; };
		0175A8481E45A173008A7780 /* Food.swift */ = {isa = PBXFileReference; fileEncoding = 4; lastKnownFileType = sourcecode.swift; path = Food.swift; sourceTree = "<group>"; };
		0175A84A1E45A181008A7780 /* Misc.swift */ = {isa = PBXFileReference; fileEncoding = 4; lastKnownFileType = sourcecode.swift; path = Misc.swift; sourceTree = "<group>"; };
		0175A84C1E45A1E5008A7780 /* Item.swift */ = {isa = PBXFileReference; fileEncoding = 4; lastKnownFileType = sourcecode.swift; path = Item.swift; sourceTree = "<group>"; };
		0175A84E1E463C77008A7780 /* ItemRepository.swift */ = {isa = PBXFileReference; fileEncoding = 4; lastKnownFileType = sourcecode.swift; path = ItemRepository.swift; sourceTree = "<group>"; };
		0175A8501E46CA9A008A7780 /* ItemGateway.swift */ = {isa = PBXFileReference; fileEncoding = 4; lastKnownFileType = sourcecode.swift; path = ItemGateway.swift; sourceTree = "<group>"; };
		01C1283D1E46CE9900A8DB87 /* ItemFactory.swift */ = {isa = PBXFileReference; fileEncoding = 4; lastKnownFileType = sourcecode.swift; path = ItemFactory.swift; sourceTree = "<group>"; };
		01F3CCE31E42EF6B005DE947 /* Auth.storyboard */ = {isa = PBXFileReference; fileEncoding = 4; lastKnownFileType = file.storyboard; path = Auth.storyboard; sourceTree = "<group>"; };
		01F3CCE51E42EFDF005DE947 /* AuthViewController.swift */ = {isa = PBXFileReference; fileEncoding = 4; lastKnownFileType = sourcecode.swift; path = AuthViewController.swift; sourceTree = "<group>"; };
		348039BEAE9654123B5E48F7 /* Pods_MU.framework */ = {isa = PBXFileReference; explicitFileType = wrapper.framework; includeInIndex = 0; path = Pods_MU.framework; sourceTree = BUILT_PRODUCTS_DIR; };
		3FC34EC82F61C2BA2B0FA64D /* Pods_MUUITests.framework */ = {isa = PBXFileReference; explicitFileType = wrapper.framework; includeInIndex = 0; path = Pods_MUUITests.framework; sourceTree = BUILT_PRODUCTS_DIR; };
		51E4F0523ABE359931D989ED /* Pods-MU.release.xcconfig */ = {isa = PBXFileReference; includeInIndex = 1; lastKnownFileType = text.xcconfig; name = "Pods-MU.release.xcconfig"; path = "Pods/Target Support Files/Pods-MU/Pods-MU.release.xcconfig"; sourceTree = "<group>"; };
		6005F4491281C13DCE2EF1CE /* Pods-MUTests.release.xcconfig */ = {isa = PBXFileReference; includeInIndex = 1; lastKnownFileType = text.xcconfig; name = "Pods-MUTests.release.xcconfig"; path = "Pods/Target Support Files/Pods-MUTests/Pods-MUTests.release.xcconfig"; sourceTree = "<group>"; };
		684760EC547F36CECF6DC049 /* Pods-MUUITests.debug.xcconfig */ = {isa = PBXFileReference; includeInIndex = 1; lastKnownFileType = text.xcconfig; name = "Pods-MUUITests.debug.xcconfig"; path = "Pods/Target Support Files/Pods-MUUITests/Pods-MUUITests.debug.xcconfig"; sourceTree = "<group>"; };
		9E6B7019F88B991A1AB76D02 /* Pods-MUTests.debug.xcconfig */ = {isa = PBXFileReference; includeInIndex = 1; lastKnownFileType = text.xcconfig; name = "Pods-MUTests.debug.xcconfig"; path = "Pods/Target Support Files/Pods-MUTests/Pods-MUTests.debug.xcconfig"; sourceTree = "<group>"; };
		EC26445269A4AC999684989C /* Pods-MUUITests.release.xcconfig */ = {isa = PBXFileReference; includeInIndex = 1; lastKnownFileType = text.xcconfig; name = "Pods-MUUITests.release.xcconfig"; path = "Pods/Target Support Files/Pods-MUUITests/Pods-MUUITests.release.xcconfig"; sourceTree = "<group>"; };
		F614F1E99E90361FA6175C47 /* Pods_MUTests.framework */ = {isa = PBXFileReference; explicitFileType = wrapper.framework; includeInIndex = 0; path = Pods_MUTests.framework; sourceTree = BUILT_PRODUCTS_DIR; };
		F8D21FA5AD3B4C5EB964AC2C /* Pods-MU.debug.xcconfig */ = {isa = PBXFileReference; includeInIndex = 1; lastKnownFileType = text.xcconfig; name = "Pods-MU.debug.xcconfig"; path = "Pods/Target Support Files/Pods-MU/Pods-MU.debug.xcconfig"; sourceTree = "<group>"; };
/* End PBXFileReference section */

/* Begin PBXFrameworksBuildPhase section */
		0114DE7E1E42D20700E2AB2A /* Frameworks */ = {
			isa = PBXFrameworksBuildPhase;
			buildActionMask = 2147483647;
			files = (
				0070DD2F2B27D6EC37662F9E /* Pods_MU.framework in Frameworks */,
			);
			runOnlyForDeploymentPostprocessing = 0;
		};
		0114DE921E42D20800E2AB2A /* Frameworks */ = {
			isa = PBXFrameworksBuildPhase;
			buildActionMask = 2147483647;
			files = (
				21BD3B80F4C22F719DDF7FAE /* Pods_MUTests.framework in Frameworks */,
			);
			runOnlyForDeploymentPostprocessing = 0;
		};
		0114DE9D1E42D20800E2AB2A /* Frameworks */ = {
			isa = PBXFrameworksBuildPhase;
			buildActionMask = 2147483647;
			files = (
				4F5C9CDDAACEC461768E6981 /* Pods_MUUITests.framework in Frameworks */,
			);
			runOnlyForDeploymentPostprocessing = 0;
		};
/* End PBXFrameworksBuildPhase section */

/* Begin PBXGroup section */
		0114DE781E42D20700E2AB2A = {
			isa = PBXGroup;
			children = (
				0114DE831E42D20800E2AB2A /* MU */,
				0114DE981E42D20800E2AB2A /* MUTests */,
				0114DEA31E42D20800E2AB2A /* MUUITests */,
				0114DE821E42D20800E2AB2A /* Products */,
				4529C687188FC3E1F13A1878 /* Pods */,
				9A53A73F8F1CD32AD6768898 /* Frameworks */,
			);
			sourceTree = "<group>";
		};
		0114DE821E42D20800E2AB2A /* Products */ = {
			isa = PBXGroup;
			children = (
				0114DE811E42D20800E2AB2A /* MU.app */,
				0114DE951E42D20800E2AB2A /* MUTests.xctest */,
				0114DEA01E42D20800E2AB2A /* MUUITests.xctest */,
			);
			name = Products;
			sourceTree = "<group>";
		};
		0114DE831E42D20800E2AB2A /* MU */ = {
			isa = PBXGroup;
			children = (
				0175A8451E45A15E008A7780 /* Model */,
				01F3CCE71E42F084005DE947 /* View */,
				01F3CCE81E42F095005DE947 /* Controllers */,
				0114DE841E42D20800E2AB2A /* AppDelegate.swift */,
				0114DE8D1E42D20800E2AB2A /* LaunchScreen.storyboard */,
				0114DE8B1E42D20800E2AB2A /* Assets.xcassets */,
				0114DE901E42D20800E2AB2A /* Info.plist */,
				0114DEB21E42D79800E2AB2A /* GoogleService-Info.plist */,
			);
			path = MU;
			sourceTree = "<group>";
		};
		0114DE981E42D20800E2AB2A /* MUTests */ = {
			isa = PBXGroup;
			children = (
				0114DE991E42D20800E2AB2A /* MUTests.swift */,
				0114DE9B1E42D20800E2AB2A /* Info.plist */,
			);
			path = MUTests;
			sourceTree = "<group>";
		};
		0114DEA31E42D20800E2AB2A /* MUUITests */ = {
			isa = PBXGroup;
			children = (
				0114DEA41E42D20800E2AB2A /* MUUITests.swift */,
				0114DEA61E42D20800E2AB2A /* Info.plist */,
			);
			path = MUUITests;
			sourceTree = "<group>";
		};
		0175A8451E45A15E008A7780 /* Model */ = {
			isa = PBXGroup;
			children = (
				0175A8461E45A16A008A7780 /* Ticket.swift */,
				0175A8431E45A153008A7780 /* Book.swift */,
				0175A8481E45A173008A7780 /* Food.swift */,
				0175A84A1E45A181008A7780 /* Misc.swift */,
				0175A84C1E45A1E5008A7780 /* Item.swift */,
				0175A84E1E463C77008A7780 /* ItemRepository.swift */,
				0175A8501E46CA9A008A7780 /* ItemGateway.swift */,
				01C1283D1E46CE9900A8DB87 /* ItemFactory.swift */,
				010A31961E5013E7004CB07C /* FirebaseKeyVender.swift */,
				014E6DE41E5A36170027A633 /* DateHelpers.swift */,
			);
			name = Model;
			sourceTree = "<group>";
		};
		01F3CCE71E42F084005DE947 /* View */ = {
			isa = PBXGroup;
			children = (
				01F3CCE31E42EF6B005DE947 /* Auth.storyboard */,
				0114DE881E42D20800E2AB2A /* Main.storyboard */,
				0175A8361E452B55008A7780 /* Tickets.storyboard */,
				0175A8391E452B6B008A7780 /* Books.storyboard */,
				0175A83B1E452B7D008A7780 /* Food.storyboard */,
				0175A8401E452BA6008A7780 /* Misc.storyboard */,
				0175A83E1E452B94008A7780 /* Profile.storyboard */,
				014E6DE61E5A4E1A0027A633 /* TicketTableViewCell.swift */,
			);
			name = View;
			sourceTree = "<group>";
		};
		01F3CCE81E42F095005DE947 /* Controllers */ = {
			isa = PBXGroup;
			children = (
				01F3CCE51E42EFDF005DE947 /* AuthViewController.swift */,
				0114DE861E42D20800E2AB2A /* ProfileViewController.swift */,
				014E6DE21E5A2C7D0027A633 /* TicketsTableViewController.swift */,
				014E6DE81E5A62980027A633 /* FoodTableViewController.swift */,
				014E6DEA1E5A62B90027A633 /* BookTableViewController.swift */,
				014E6DEC1E5A62D20027A633 /* MiscTableViewController.swift */,
			);
			name = Controllers;
			sourceTree = "<group>";
		};
		4529C687188FC3E1F13A1878 /* Pods */ = {
			isa = PBXGroup;
			children = (
				F8D21FA5AD3B4C5EB964AC2C /* Pods-MU.debug.xcconfig */,
				51E4F0523ABE359931D989ED /* Pods-MU.release.xcconfig */,
				9E6B7019F88B991A1AB76D02 /* Pods-MUTests.debug.xcconfig */,
				6005F4491281C13DCE2EF1CE /* Pods-MUTests.release.xcconfig */,
				684760EC547F36CECF6DC049 /* Pods-MUUITests.debug.xcconfig */,
				EC26445269A4AC999684989C /* Pods-MUUITests.release.xcconfig */,
			);
			name = Pods;
			sourceTree = "<group>";
		};
		9A53A73F8F1CD32AD6768898 /* Frameworks */ = {
			isa = PBXGroup;
			children = (
				348039BEAE9654123B5E48F7 /* Pods_MU.framework */,
				F614F1E99E90361FA6175C47 /* Pods_MUTests.framework */,
				3FC34EC82F61C2BA2B0FA64D /* Pods_MUUITests.framework */,
			);
			name = Frameworks;
			sourceTree = "<group>";
		};
/* End PBXGroup section */

/* Begin PBXNativeTarget section */
		0114DE801E42D20700E2AB2A /* MU */ = {
			isa = PBXNativeTarget;
			buildConfigurationList = 0114DEA91E42D20800E2AB2A /* Build configuration list for PBXNativeTarget "MU" */;
			buildPhases = (
				4236FA6379C6DAA4D27558B2 /* [CP] Check Pods Manifest.lock */,
				0114DE7D1E42D20700E2AB2A /* Sources */,
				0114DE7E1E42D20700E2AB2A /* Frameworks */,
				0114DE7F1E42D20700E2AB2A /* Resources */,
				EDF5CCAB4AFCB8B5BEAE0AAF /* [CP] Embed Pods Frameworks */,
				9B4DFEFBE6974A0F48B868D6 /* [CP] Copy Pods Resources */,
			);
			buildRules = (
			);
			dependencies = (
			);
			name = MU;
			productName = MU;
			productReference = 0114DE811E42D20800E2AB2A /* MU.app */;
			productType = "com.apple.product-type.application";
		};
		0114DE941E42D20800E2AB2A /* MUTests */ = {
			isa = PBXNativeTarget;
			buildConfigurationList = 0114DEAC1E42D20800E2AB2A /* Build configuration list for PBXNativeTarget "MUTests" */;
			buildPhases = (
				2E38C6ACF64FE7ABCA632E69 /* [CP] Check Pods Manifest.lock */,
				0114DE911E42D20800E2AB2A /* Sources */,
				0114DE921E42D20800E2AB2A /* Frameworks */,
				0114DE931E42D20800E2AB2A /* Resources */,
				E700B1613C4ABAC53B458B03 /* [CP] Embed Pods Frameworks */,
				B5FD9404C8766D9610E813C1 /* [CP] Copy Pods Resources */,
			);
			buildRules = (
			);
			dependencies = (
				0114DE971E42D20800E2AB2A /* PBXTargetDependency */,
			);
			name = MUTests;
			productName = MUTests;
			productReference = 0114DE951E42D20800E2AB2A /* MUTests.xctest */;
			productType = "com.apple.product-type.bundle.unit-test";
		};
		0114DE9F1E42D20800E2AB2A /* MUUITests */ = {
			isa = PBXNativeTarget;
			buildConfigurationList = 0114DEAF1E42D20800E2AB2A /* Build configuration list for PBXNativeTarget "MUUITests" */;
			buildPhases = (
				A2C706888824B626E4A2D637 /* [CP] Check Pods Manifest.lock */,
				0114DE9C1E42D20800E2AB2A /* Sources */,
				0114DE9D1E42D20800E2AB2A /* Frameworks */,
				0114DE9E1E42D20800E2AB2A /* Resources */,
				8388E3C368CAB1BB53D0541F /* [CP] Embed Pods Frameworks */,
				E552016865AED296CE7686B4 /* [CP] Copy Pods Resources */,
			);
			buildRules = (
			);
			dependencies = (
				0114DEA21E42D20800E2AB2A /* PBXTargetDependency */,
			);
			name = MUUITests;
			productName = MUUITests;
			productReference = 0114DEA01E42D20800E2AB2A /* MUUITests.xctest */;
			productType = "com.apple.product-type.bundle.ui-testing";
		};
/* End PBXNativeTarget section */

/* Begin PBXProject section */
		0114DE791E42D20700E2AB2A /* Project object */ = {
			isa = PBXProject;
			attributes = {
				LastSwiftUpdateCheck = 0820;
				LastUpgradeCheck = 0820;
				ORGANIZATIONNAME = "Nick Flege";
				TargetAttributes = {
					0114DE801E42D20700E2AB2A = {
						CreatedOnToolsVersion = 8.2.1;
						DevelopmentTeam = VD72Y2P2ZN;
						ProvisioningStyle = Automatic;
					};
					0114DE941E42D20800E2AB2A = {
						CreatedOnToolsVersion = 8.2.1;
						ProvisioningStyle = Automatic;
						TestTargetID = 0114DE801E42D20700E2AB2A;
					};
					0114DE9F1E42D20800E2AB2A = {
						CreatedOnToolsVersion = 8.2.1;
						ProvisioningStyle = Automatic;
						TestTargetID = 0114DE801E42D20700E2AB2A;
					};
				};
			};
			buildConfigurationList = 0114DE7C1E42D20700E2AB2A /* Build configuration list for PBXProject "MU" */;
			compatibilityVersion = "Xcode 3.2";
			developmentRegion = English;
			hasScannedForEncodings = 0;
			knownRegions = (
				en,
				Base,
			);
			mainGroup = 0114DE781E42D20700E2AB2A;
			productRefGroup = 0114DE821E42D20800E2AB2A /* Products */;
			projectDirPath = "";
			projectRoot = "";
			targets = (
				0114DE801E42D20700E2AB2A /* MU */,
				0114DE941E42D20800E2AB2A /* MUTests */,
				0114DE9F1E42D20800E2AB2A /* MUUITests */,
			);
		};
/* End PBXProject section */

/* Begin PBXResourcesBuildPhase section */
		0114DE7F1E42D20700E2AB2A /* Resources */ = {
			isa = PBXResourcesBuildPhase;
			buildActionMask = 2147483647;
			files = (
				0175A8381E452B55008A7780 /* Tickets.storyboard in Resources */,
				0114DE8F1E42D20800E2AB2A /* LaunchScreen.storyboard in Resources */,
				0114DEB31E42D79800E2AB2A /* GoogleService-Info.plist in Resources */,
				01F3CCE41E42EF6B005DE947 /* Auth.storyboard in Resources */,
				0175A83A1E452B6B008A7780 /* Books.storyboard in Resources */,
				0114DE8C1E42D20800E2AB2A /* Assets.xcassets in Resources */,
				0175A8421E452BA6008A7780 /* Misc.storyboard in Resources */,
				0175A83F1E452B94008A7780 /* Profile.storyboard in Resources */,
				0175A83D1E452B7D008A7780 /* Food.storyboard in Resources */,
				0114DE8A1E42D20800E2AB2A /* Main.storyboard in Resources */,
			);
			runOnlyForDeploymentPostprocessing = 0;
		};
		0114DE931E42D20800E2AB2A /* Resources */ = {
			isa = PBXResourcesBuildPhase;
			buildActionMask = 2147483647;
			files = (
				0114DEB41E42D79800E2AB2A /* GoogleService-Info.plist in Resources */,
			);
			runOnlyForDeploymentPostprocessing = 0;
		};
		0114DE9E1E42D20800E2AB2A /* Resources */ = {
			isa = PBXResourcesBuildPhase;
			buildActionMask = 2147483647;
			files = (
				0114DEB51E42D79800E2AB2A /* GoogleService-Info.plist in Resources */,
			);
			runOnlyForDeploymentPostprocessing = 0;
		};
/* End PBXResourcesBuildPhase section */

/* Begin PBXShellScriptBuildPhase section */
		2E38C6ACF64FE7ABCA632E69 /* [CP] Check Pods Manifest.lock */ = {
			isa = PBXShellScriptBuildPhase;
			buildActionMask = 2147483647;
			files = (
			);
			inputPaths = (
			);
			name = "[CP] Check Pods Manifest.lock";
			outputPaths = (
			);
			runOnlyForDeploymentPostprocessing = 0;
			shellPath = /bin/sh;
			shellScript = "diff \"${PODS_ROOT}/../Podfile.lock\" \"${PODS_ROOT}/Manifest.lock\" > /dev/null\nif [ $? != 0 ] ; then\n    # print error to STDERR\n    echo \"error: The sandbox is not in sync with the Podfile.lock. Run 'pod install' or update your CocoaPods installation.\" >&2\n    exit 1\nfi\n";
			showEnvVarsInLog = 0;
		};
		4236FA6379C6DAA4D27558B2 /* [CP] Check Pods Manifest.lock */ = {
			isa = PBXShellScriptBuildPhase;
			buildActionMask = 2147483647;
			files = (
			);
			inputPaths = (
			);
			name = "[CP] Check Pods Manifest.lock";
			outputPaths = (
			);
			runOnlyForDeploymentPostprocessing = 0;
			shellPath = /bin/sh;
			shellScript = "diff \"${PODS_ROOT}/../Podfile.lock\" \"${PODS_ROOT}/Manifest.lock\" > /dev/null\nif [ $? != 0 ] ; then\n    # print error to STDERR\n    echo \"error: The sandbox is not in sync with the Podfile.lock. Run 'pod install' or update your CocoaPods installation.\" >&2\n    exit 1\nfi\n";
			showEnvVarsInLog = 0;
		};
		8388E3C368CAB1BB53D0541F /* [CP] Embed Pods Frameworks */ = {
			isa = PBXShellScriptBuildPhase;
			buildActionMask = 2147483647;
			files = (
			);
			inputPaths = (
			);
			name = "[CP] Embed Pods Frameworks";
			outputPaths = (
			);
			runOnlyForDeploymentPostprocessing = 0;
			shellPath = /bin/sh;
			shellScript = "\"${SRCROOT}/Pods/Target Support Files/Pods-MUUITests/Pods-MUUITests-frameworks.sh\"\n";
			showEnvVarsInLog = 0;
		};
		9B4DFEFBE6974A0F48B868D6 /* [CP] Copy Pods Resources */ = {
			isa = PBXShellScriptBuildPhase;
			buildActionMask = 2147483647;
			files = (
			);
			inputPaths = (
			);
			name = "[CP] Copy Pods Resources";
			outputPaths = (
			);
			runOnlyForDeploymentPostprocessing = 0;
			shellPath = /bin/sh;
			shellScript = "\"${SRCROOT}/Pods/Target Support Files/Pods-MU/Pods-MU-resources.sh\"\n";
			showEnvVarsInLog = 0;
		};
		A2C706888824B626E4A2D637 /* [CP] Check Pods Manifest.lock */ = {
			isa = PBXShellScriptBuildPhase;
			buildActionMask = 2147483647;
			files = (
			);
			inputPaths = (
			);
			name = "[CP] Check Pods Manifest.lock";
			outputPaths = (
			);
			runOnlyForDeploymentPostprocessing = 0;
			shellPath = /bin/sh;
			shellScript = "diff \"${PODS_ROOT}/../Podfile.lock\" \"${PODS_ROOT}/Manifest.lock\" > /dev/null\nif [ $? != 0 ] ; then\n    # print error to STDERR\n    echo \"error: The sandbox is not in sync with the Podfile.lock. Run 'pod install' or update your CocoaPods installation.\" >&2\n    exit 1\nfi\n";
			showEnvVarsInLog = 0;
		};
		B5FD9404C8766D9610E813C1 /* [CP] Copy Pods Resources */ = {
			isa = PBXShellScriptBuildPhase;
			buildActionMask = 2147483647;
			files = (
			);
			inputPaths = (
			);
			name = "[CP] Copy Pods Resources";
			outputPaths = (
			);
			runOnlyForDeploymentPostprocessing = 0;
			shellPath = /bin/sh;
			shellScript = "\"${SRCROOT}/Pods/Target Support Files/Pods-MUTests/Pods-MUTests-resources.sh\"\n";
			showEnvVarsInLog = 0;
		};
		E552016865AED296CE7686B4 /* [CP] Copy Pods Resources */ = {
			isa = PBXShellScriptBuildPhase;
			buildActionMask = 2147483647;
			files = (
			);
			inputPaths = (
			);
			name = "[CP] Copy Pods Resources";
			outputPaths = (
			);
			runOnlyForDeploymentPostprocessing = 0;
			shellPath = /bin/sh;
			shellScript = "\"${SRCROOT}/Pods/Target Support Files/Pods-MUUITests/Pods-MUUITests-resources.sh\"\n";
			showEnvVarsInLog = 0;
		};
		E700B1613C4ABAC53B458B03 /* [CP] Embed Pods Frameworks */ = {
			isa = PBXShellScriptBuildPhase;
			buildActionMask = 2147483647;
			files = (
			);
			inputPaths = (
			);
			name = "[CP] Embed Pods Frameworks";
			outputPaths = (
			);
			runOnlyForDeploymentPostprocessing = 0;
			shellPath = /bin/sh;
			shellScript = "\"${SRCROOT}/Pods/Target Support Files/Pods-MUTests/Pods-MUTests-frameworks.sh\"\n";
			showEnvVarsInLog = 0;
		};
		EDF5CCAB4AFCB8B5BEAE0AAF /* [CP] Embed Pods Frameworks */ = {
			isa = PBXShellScriptBuildPhase;
			buildActionMask = 2147483647;
			files = (
			);
			inputPaths = (
			);
			name = "[CP] Embed Pods Frameworks";
			outputPaths = (
			);
			runOnlyForDeploymentPostprocessing = 0;
			shellPath = /bin/sh;
			shellScript = "\"${SRCROOT}/Pods/Target Support Files/Pods-MU/Pods-MU-frameworks.sh\"\n";
			showEnvVarsInLog = 0;
		};
/* End PBXShellScriptBuildPhase section */

/* Begin PBXSourcesBuildPhase section */
		0114DE7D1E42D20700E2AB2A /* Sources */ = {
			isa = PBXSourcesBuildPhase;
			buildActionMask = 2147483647;
			files = (
				0175A8441E45A153008A7780 /* Book.swift in Sources */,
				014E6DEB1E5A62B90027A633 /* BookTableViewController.swift in Sources */,
				0114DE871E42D20800E2AB2A /* ProfileViewController.swift in Sources */,
				0175A8471E45A16A008A7780 /* Ticket.swift in Sources */,
				014E6DE51E5A36170027A633 /* DateHelpers.swift in Sources */,
				01F3CCE61E42EFDF005DE947 /* AuthViewController.swift in Sources */,
				010A31971E5013E7004CB07C /* FirebaseKeyVender.swift in Sources */,
				0175A84F1E463C77008A7780 /* ItemRepository.swift in Sources */,
				014E6DE91E5A62980027A633 /* FoodTableViewController.swift in Sources */,
				014E6DED1E5A62D20027A633 /* MiscTableViewController.swift in Sources */,
				0175A8511E46CA9A008A7780 /* ItemGateway.swift in Sources */,
				0175A84D1E45A1E5008A7780 /* Item.swift in Sources */,
				014E6DE31E5A2C7D0027A633 /* TicketsTableViewController.swift in Sources */,
				0175A84B1E45A181008A7780 /* Misc.swift in Sources */,
				0114DE851E42D20800E2AB2A /* AppDelegate.swift in Sources */,
				014E6DE71E5A4E1A0027A633 /* TicketTableViewCell.swift in Sources */,
				0175A8491E45A173008A7780 /* Food.swift in Sources */,
				01C1283E1E46CE9900A8DB87 /* ItemFactory.swift in Sources */,
			);
			runOnlyForDeploymentPostprocessing = 0;
		};
		0114DE911E42D20800E2AB2A /* Sources */ = {
			isa = PBXSourcesBuildPhase;
			buildActionMask = 2147483647;
			files = (
				0114DE9A1E42D20800E2AB2A /* MUTests.swift in Sources */,
			);
			runOnlyForDeploymentPostprocessing = 0;
		};
		0114DE9C1E42D20800E2AB2A /* Sources */ = {
			isa = PBXSourcesBuildPhase;
			buildActionMask = 2147483647;
			files = (
				0114DEA51E42D20800E2AB2A /* MUUITests.swift in Sources */,
			);
			runOnlyForDeploymentPostprocessing = 0;
		};
/* End PBXSourcesBuildPhase section */

/* Begin PBXTargetDependency section */
		0114DE971E42D20800E2AB2A /* PBXTargetDependency */ = {
			isa = PBXTargetDependency;
			target = 0114DE801E42D20700E2AB2A /* MU */;
			targetProxy = 0114DE961E42D20800E2AB2A /* PBXContainerItemProxy */;
		};
		0114DEA21E42D20800E2AB2A /* PBXTargetDependency */ = {
			isa = PBXTargetDependency;
			target = 0114DE801E42D20700E2AB2A /* MU */;
			targetProxy = 0114DEA11E42D20800E2AB2A /* PBXContainerItemProxy */;
		};
/* End PBXTargetDependency section */

/* Begin PBXVariantGroup section */
		0114DE881E42D20800E2AB2A /* Main.storyboard */ = {
			isa = PBXVariantGroup;
			children = (
				0114DE891E42D20800E2AB2A /* Base */,
			);
			name = Main.storyboard;
			sourceTree = "<group>";
		};
		0114DE8D1E42D20800E2AB2A /* LaunchScreen.storyboard */ = {
			isa = PBXVariantGroup;
			children = (
				0114DE8E1E42D20800E2AB2A /* Base */,
			);
			name = LaunchScreen.storyboard;
			sourceTree = "<group>";
		};
		0175A8361E452B55008A7780 /* Tickets.storyboard */ = {
			isa = PBXVariantGroup;
			children = (
				0175A8371E452B55008A7780 /* Base */,
			);
			name = Tickets.storyboard;
			sourceTree = "<group>";
		};
		0175A83B1E452B7D008A7780 /* Food.storyboard */ = {
			isa = PBXVariantGroup;
			children = (
				0175A83C1E452B7D008A7780 /* Base */,
			);
			name = Food.storyboard;
			sourceTree = "<group>";
		};
		0175A8401E452BA6008A7780 /* Misc.storyboard */ = {
			isa = PBXVariantGroup;
			children = (
				0175A8411E452BA6008A7780 /* Base */,
			);
			name = Misc.storyboard;
			sourceTree = "<group>";
		};
/* End PBXVariantGroup section */

/* Begin XCBuildConfiguration section */
		0114DEA71E42D20800E2AB2A /* Debug */ = {
			isa = XCBuildConfiguration;
			buildSettings = {
				ALWAYS_SEARCH_USER_PATHS = NO;
				CLANG_ANALYZER_NONNULL = YES;
				CLANG_CXX_LANGUAGE_STANDARD = "gnu++0x";
				CLANG_CXX_LIBRARY = "libc++";
				CLANG_ENABLE_MODULES = YES;
				CLANG_ENABLE_OBJC_ARC = YES;
				CLANG_WARN_BOOL_CONVERSION = YES;
				CLANG_WARN_CONSTANT_CONVERSION = YES;
				CLANG_WARN_DIRECT_OBJC_ISA_USAGE = YES_ERROR;
				CLANG_WARN_DOCUMENTATION_COMMENTS = YES;
				CLANG_WARN_EMPTY_BODY = YES;
				CLANG_WARN_ENUM_CONVERSION = YES;
				CLANG_WARN_INFINITE_RECURSION = YES;
				CLANG_WARN_INT_CONVERSION = YES;
				CLANG_WARN_OBJC_ROOT_CLASS = YES_ERROR;
				CLANG_WARN_SUSPICIOUS_MOVE = YES;
				CLANG_WARN_UNREACHABLE_CODE = YES;
				CLANG_WARN__DUPLICATE_METHOD_MATCH = YES;
				"CODE_SIGN_IDENTITY[sdk=iphoneos*]" = "iPhone Developer";
				COPY_PHASE_STRIP = NO;
				DEBUG_INFORMATION_FORMAT = dwarf;
				ENABLE_STRICT_OBJC_MSGSEND = YES;
				ENABLE_TESTABILITY = YES;
				GCC_C_LANGUAGE_STANDARD = gnu99;
				GCC_DYNAMIC_NO_PIC = NO;
				GCC_NO_COMMON_BLOCKS = YES;
				GCC_OPTIMIZATION_LEVEL = 0;
				GCC_PREPROCESSOR_DEFINITIONS = (
					"DEBUG=1",
					"$(inherited)",
				);
				GCC_WARN_64_TO_32_BIT_CONVERSION = YES;
				GCC_WARN_ABOUT_RETURN_TYPE = YES_ERROR;
				GCC_WARN_UNDECLARED_SELECTOR = YES;
				GCC_WARN_UNINITIALIZED_AUTOS = YES_AGGRESSIVE;
				GCC_WARN_UNUSED_FUNCTION = YES;
				GCC_WARN_UNUSED_VARIABLE = YES;
				IPHONEOS_DEPLOYMENT_TARGET = 10.2;
				MTL_ENABLE_DEBUG_INFO = YES;
				ONLY_ACTIVE_ARCH = YES;
				SDKROOT = iphoneos;
				SWIFT_ACTIVE_COMPILATION_CONDITIONS = DEBUG;
				SWIFT_OPTIMIZATION_LEVEL = "-Onone";
			};
			name = Debug;
		};
		0114DEA81E42D20800E2AB2A /* Release */ = {
			isa = XCBuildConfiguration;
			buildSettings = {
				ALWAYS_SEARCH_USER_PATHS = NO;
				CLANG_ANALYZER_NONNULL = YES;
				CLANG_CXX_LANGUAGE_STANDARD = "gnu++0x";
				CLANG_CXX_LIBRARY = "libc++";
				CLANG_ENABLE_MODULES = YES;
				CLANG_ENABLE_OBJC_ARC = YES;
				CLANG_WARN_BOOL_CONVERSION = YES;
				CLANG_WARN_CONSTANT_CONVERSION = YES;
				CLANG_WARN_DIRECT_OBJC_ISA_USAGE = YES_ERROR;
				CLANG_WARN_DOCUMENTATION_COMMENTS = YES;
				CLANG_WARN_EMPTY_BODY = YES;
				CLANG_WARN_ENUM_CONVERSION = YES;
				CLANG_WARN_INFINITE_RECURSION = YES;
				CLANG_WARN_INT_CONVERSION = YES;
				CLANG_WARN_OBJC_ROOT_CLASS = YES_ERROR;
				CLANG_WARN_SUSPICIOUS_MOVE = YES;
				CLANG_WARN_UNREACHABLE_CODE = YES;
				CLANG_WARN__DUPLICATE_METHOD_MATCH = YES;
				"CODE_SIGN_IDENTITY[sdk=iphoneos*]" = "iPhone Developer";
				COPY_PHASE_STRIP = NO;
				DEBUG_INFORMATION_FORMAT = "dwarf-with-dsym";
				ENABLE_NS_ASSERTIONS = NO;
				ENABLE_STRICT_OBJC_MSGSEND = YES;
				GCC_C_LANGUAGE_STANDARD = gnu99;
				GCC_NO_COMMON_BLOCKS = YES;
				GCC_WARN_64_TO_32_BIT_CONVERSION = YES;
				GCC_WARN_ABOUT_RETURN_TYPE = YES_ERROR;
				GCC_WARN_UNDECLARED_SELECTOR = YES;
				GCC_WARN_UNINITIALIZED_AUTOS = YES_AGGRESSIVE;
				GCC_WARN_UNUSED_FUNCTION = YES;
				GCC_WARN_UNUSED_VARIABLE = YES;
				IPHONEOS_DEPLOYMENT_TARGET = 10.2;
				MTL_ENABLE_DEBUG_INFO = NO;
				SDKROOT = iphoneos;
				SWIFT_OPTIMIZATION_LEVEL = "-Owholemodule";
				VALIDATE_PRODUCT = YES;
			};
			name = Release;
		};
		0114DEAA1E42D20800E2AB2A /* Debug */ = {
			isa = XCBuildConfiguration;
			baseConfigurationReference = F8D21FA5AD3B4C5EB964AC2C /* Pods-MU.debug.xcconfig */;
			buildSettings = {
				ASSETCATALOG_COMPILER_APPICON_NAME = AppIcon;
				DEVELOPMENT_TEAM = VD72Y2P2ZN;
				INFOPLIST_FILE = MU/Info.plist;
				IPHONEOS_DEPLOYMENT_TARGET = 10.0;
				LD_RUNPATH_SEARCH_PATHS = "$(inherited) @executable_path/Frameworks";
				PRODUCT_BUNDLE_IDENTIFIER = edu.iastate.nflege.MU;
				PRODUCT_NAME = "$(TARGET_NAME)";
				SWIFT_VERSION = 3.0;
			};
			name = Debug;
		};
		0114DEAB1E42D20800E2AB2A /* Release */ = {
			isa = XCBuildConfiguration;
			baseConfigurationReference = 51E4F0523ABE359931D989ED /* Pods-MU.release.xcconfig */;
			buildSettings = {
				ASSETCATALOG_COMPILER_APPICON_NAME = AppIcon;
				DEVELOPMENT_TEAM = VD72Y2P2ZN;
				INFOPLIST_FILE = MU/Info.plist;
				IPHONEOS_DEPLOYMENT_TARGET = 10.0;
				LD_RUNPATH_SEARCH_PATHS = "$(inherited) @executable_path/Frameworks";
				PRODUCT_BUNDLE_IDENTIFIER = edu.iastate.nflege.MU;
				PRODUCT_NAME = "$(TARGET_NAME)";
				SWIFT_VERSION = 3.0;
			};
			name = Release;
		};
		0114DEAD1E42D20800E2AB2A /* Debug */ = {
			isa = XCBuildConfiguration;
			baseConfigurationReference = 9E6B7019F88B991A1AB76D02 /* Pods-MUTests.debug.xcconfig */;
			buildSettings = {
				ALWAYS_EMBED_SWIFT_STANDARD_LIBRARIES = "$(inherited)";
				BUNDLE_LOADER = "$(TEST_HOST)";
				INFOPLIST_FILE = MUTests/Info.plist;
				LD_RUNPATH_SEARCH_PATHS = "$(inherited) @executable_path/Frameworks @loader_path/Frameworks";
				PRODUCT_BUNDLE_IDENTIFIER = edu.iastate.nflege.MUTests;
				PRODUCT_NAME = "$(TARGET_NAME)";
				SWIFT_VERSION = 3.0;
				TEST_HOST = "$(BUILT_PRODUCTS_DIR)/MU.app/MU";
			};
			name = Debug;
		};
		0114DEAE1E42D20800E2AB2A /* Release */ = {
			isa = XCBuildConfiguration;
			baseConfigurationReference = 6005F4491281C13DCE2EF1CE /* Pods-MUTests.release.xcconfig */;
			buildSettings = {
				ALWAYS_EMBED_SWIFT_STANDARD_LIBRARIES = "$(inherited)";
				BUNDLE_LOADER = "$(TEST_HOST)";
				INFOPLIST_FILE = MUTests/Info.plist;
				LD_RUNPATH_SEARCH_PATHS = "$(inherited) @executable_path/Frameworks @loader_path/Frameworks";
				PRODUCT_BUNDLE_IDENTIFIER = edu.iastate.nflege.MUTests;
				PRODUCT_NAME = "$(TARGET_NAME)";
				SWIFT_VERSION = 3.0;
				TEST_HOST = "$(BUILT_PRODUCTS_DIR)/MU.app/MU";
			};
			name = Release;
		};
		0114DEB01E42D20800E2AB2A /* Debug */ = {
			isa = XCBuildConfiguration;
			baseConfigurationReference = 684760EC547F36CECF6DC049 /* Pods-MUUITests.debug.xcconfig */;
			buildSettings = {
				ALWAYS_EMBED_SWIFT_STANDARD_LIBRARIES = "$(inherited)";
				INFOPLIST_FILE = MUUITests/Info.plist;
				LD_RUNPATH_SEARCH_PATHS = "$(inherited) @executable_path/Frameworks @loader_path/Frameworks";
				PRODUCT_BUNDLE_IDENTIFIER = edu.iastate.nflege.MUUITests;
				PRODUCT_NAME = "$(TARGET_NAME)";
				SWIFT_VERSION = 3.0;
				TEST_TARGET_NAME = MU;
			};
			name = Debug;
		};
		0114DEB11E42D20800E2AB2A /* Release */ = {
			isa = XCBuildConfiguration;
			baseConfigurationReference = EC26445269A4AC999684989C /* Pods-MUUITests.release.xcconfig */;
			buildSettings = {
				ALWAYS_EMBED_SWIFT_STANDARD_LIBRARIES = "$(inherited)";
				INFOPLIST_FILE = MUUITests/Info.plist;
				LD_RUNPATH_SEARCH_PATHS = "$(inherited) @executable_path/Frameworks @loader_path/Frameworks";
				PRODUCT_BUNDLE_IDENTIFIER = edu.iastate.nflege.MUUITests;
				PRODUCT_NAME = "$(TARGET_NAME)";
				SWIFT_VERSION = 3.0;
				TEST_TARGET_NAME = MU;
			};
			name = Release;
		};
/* End XCBuildConfiguration section */

/* Begin XCConfigurationList section */
		0114DE7C1E42D20700E2AB2A /* Build configuration list for PBXProject "MU" */ = {
			isa = XCConfigurationList;
			buildConfigurations = (
				0114DEA71E42D20800E2AB2A /* Debug */,
				0114DEA81E42D20800E2AB2A /* Release */,
			);
			defaultConfigurationIsVisible = 0;
			defaultConfigurationName = Release;
		};
		0114DEA91E42D20800E2AB2A /* Build configuration list for PBXNativeTarget "MU" */ = {
			isa = XCConfigurationList;
			buildConfigurations = (
				0114DEAA1E42D20800E2AB2A /* Debug */,
				0114DEAB1E42D20800E2AB2A /* Release */,
			);
			defaultConfigurationIsVisible = 0;
			defaultConfigurationName = Release;
		};
		0114DEAC1E42D20800E2AB2A /* Build configuration list for PBXNativeTarget "MUTests" */ = {
			isa = XCConfigurationList;
			buildConfigurations = (
				0114DEAD1E42D20800E2AB2A /* Debug */,
				0114DEAE1E42D20800E2AB2A /* Release */,
			);
			defaultConfigurationIsVisible = 0;
			defaultConfigurationName = Release;
		};
		0114DEAF1E42D20800E2AB2A /* Build configuration list for PBXNativeTarget "MUUITests" */ = {
			isa = XCConfigurationList;
			buildConfigurations = (
				0114DEB01E42D20800E2AB2A /* Debug */,
				0114DEB11E42D20800E2AB2A /* Release */,
			);
			defaultConfigurationIsVisible = 0;
			defaultConfigurationName = Release;
		};
/* End XCConfigurationList section */
	};
	rootObject = 0114DE791E42D20700E2AB2A /* Project object */;
}
